{
  "name": "test_npm_package",
  "version": "1.0.0",
  "lockfileVersion": 1,
  "requires": true,
  "dependencies": {
    "npm_publish_demo_by_cag": {
      "version": "1.0.0",
      "resolved": "https://registry.npmjs.org/npm_publish_demo_by_cag/-/npm_publish_demo_by_cag-1.0.0.tgz",
      "integrity": "sha512-2jr/C7CbA4EUJu8OAu20yAdZx8jibpeDkxUcsNd/X9DDX0CSKdccRcOX0OArP/xoi4ZKLXAWDp0U+nyFPYUTgA=="
    }
  }
}
